
Microsoft Visual Studio Solution File, Format Version 12.00
# Visual Studio Version 17
VisualStudioVersion = 17.6.33513.286
MinimumVisualStudioVersion = 10.0.40219.1
Project("{FAE04EC0-301F-11D3-BF4B-00C04F79EFBC}") = "BlobMagic", "BlobMagic.csproj", "{26A77A66-5169-435A-9363-4D36D0BC10A4}"
EndProject
Global
	GlobalSection(SolutionConfigurationPlatforms) = preSolution
		Debug|Any CPU = Debug|Any CPU
		Release|Any CPU = Release|Any CPU
	EndGlobalSection
	GlobalSection(ProjectConfigurationPlatforms) = postSolution
		{26A77A66-5169-435A-9363-4D36D0BC10A4}.Debug|Any CPU.ActiveCfg = Debug|Any CPU
		{26A77A66-5169-435A-9363-4D36D0BC10A4}.Debug|Any CPU.Build.0 = Debug|Any CPU
		{26A77A66-5169-435A-9363-4D36D0BC10A4}.Release|Any CPU.ActiveCfg = Release|Any CPU
		{26A77A66-5169-435A-9363-4D36D0BC10A4}.Release|Any CPU.Build.0 = Release|Any CPU
	EndGlobalSection
	GlobalSection(SolutionProperties) = preSolution
		HideSolutionNode = FALSE
	EndGlobalSection
	GlobalSection(ExtensibilityGlobals) = postSolution
		SolutionGuid = {A1A943B6-19F1-4848-AD7A-27C87BC2F5E4}
	EndGlobalSection
EndGlobal
